
Microsoft Visual Studio Solution File, Format Version 12.00
# Visual Studio 15
VisualStudioVersion = 15.0.26124.0
MinimumVisualStudioVersion = 15.0.26124.0
Project("{FAE04EC0-301F-11D3-BF4B-00C04F79EFBC}") = "H2020.IPMDecisions.UPR.API", "H2020.IPMDecisions.UPR.API\H2020.IPMDecisions.UPR.API.csproj", "{59F79EBB-2C0B-494D-8FE7-3C82BA3E7746}"
EndProject
Project("{FAE04EC0-301F-11D3-BF4B-00C04F79EFBC}") = "H2020.IPMDecisions.UPR.BLL", "H2020.IPMDecisions.UPR.BLL\H2020.IPMDecisions.UPR.BLL.csproj", "{230709DB-BA42-4751-9ECE-0A119B1F8CC9}"
EndProject
Project("{FAE04EC0-301F-11D3-BF4B-00C04F79EFBC}") = "H2020.IPMDecisions.UPR.Core", "H2020.IPMDecisions.UPR.Core\H2020.IPMDecisions.UPR.Core.csproj", "{E31893FA-60CD-40B9-931D-26B305088011}"
EndProject
Project("{FAE04EC0-301F-11D3-BF4B-00C04F79EFBC}") = "H2020.IPMDecisions.UPR.Data", "H2020.IPMDecisions.UPR.Data\H2020.IPMDecisions.UPR.Data.csproj", "{03D93D14-A10A-4C96-96F6-8F39BA0FB486}"
EndProject
Project("{FAE04EC0-301F-11D3-BF4B-00C04F79EFBC}") = "H2020.IPMDecisions.UPR.Tests", "H2020.IPMDecisions.UPR.Tests\H2020.IPMDecisions.UPR.Tests.csproj", "{D57FE3E2-2417-41B5-9B63-EC88A5104D08}"
EndProject
Global
	GlobalSection(SolutionConfigurationPlatforms) = preSolution
		Debug|Any CPU = Debug|Any CPU
		Debug|x64 = Debug|x64
		Debug|x86 = Debug|x86
		Release|Any CPU = Release|Any CPU
		Release|x64 = Release|x64
		Release|x86 = Release|x86
	EndGlobalSection
	GlobalSection(SolutionProperties) = preSolution
		HideSolutionNode = FALSE
	EndGlobalSection
	GlobalSection(ProjectConfigurationPlatforms) = postSolution
		{59F79EBB-2C0B-494D-8FE7-3C82BA3E7746}.Debug|Any CPU.ActiveCfg = Debug|Any CPU
		{59F79EBB-2C0B-494D-8FE7-3C82BA3E7746}.Debug|Any CPU.Build.0 = Debug|Any CPU
		{59F79EBB-2C0B-494D-8FE7-3C82BA3E7746}.Debug|x64.ActiveCfg = Debug|Any CPU
		{59F79EBB-2C0B-494D-8FE7-3C82BA3E7746}.Debug|x64.Build.0 = Debug|Any CPU
		{59F79EBB-2C0B-494D-8FE7-3C82BA3E7746}.Debug|x86.ActiveCfg = Debug|Any CPU
		{59F79EBB-2C0B-494D-8FE7-3C82BA3E7746}.Debug|x86.Build.0 = Debug|Any CPU
		{59F79EBB-2C0B-494D-8FE7-3C82BA3E7746}.Release|Any CPU.ActiveCfg = Release|Any CPU
		{59F79EBB-2C0B-494D-8FE7-3C82BA3E7746}.Release|Any CPU.Build.0 = Release|Any CPU
		{59F79EBB-2C0B-494D-8FE7-3C82BA3E7746}.Release|x64.ActiveCfg = Release|Any CPU
		{59F79EBB-2C0B-494D-8FE7-3C82BA3E7746}.Release|x64.Build.0 = Release|Any CPU
		{59F79EBB-2C0B-494D-8FE7-3C82BA3E7746}.Release|x86.ActiveCfg = Release|Any CPU
		{59F79EBB-2C0B-494D-8FE7-3C82BA3E7746}.Release|x86.Build.0 = Release|Any CPU
		{230709DB-BA42-4751-9ECE-0A119B1F8CC9}.Debug|Any CPU.ActiveCfg = Debug|Any CPU
		{230709DB-BA42-4751-9ECE-0A119B1F8CC9}.Debug|Any CPU.Build.0 = Debug|Any CPU
		{230709DB-BA42-4751-9ECE-0A119B1F8CC9}.Debug|x64.ActiveCfg = Debug|Any CPU
		{230709DB-BA42-4751-9ECE-0A119B1F8CC9}.Debug|x64.Build.0 = Debug|Any CPU
		{230709DB-BA42-4751-9ECE-0A119B1F8CC9}.Debug|x86.ActiveCfg = Debug|Any CPU
		{230709DB-BA42-4751-9ECE-0A119B1F8CC9}.Debug|x86.Build.0 = Debug|Any CPU
		{230709DB-BA42-4751-9ECE-0A119B1F8CC9}.Release|Any CPU.ActiveCfg = Release|Any CPU
		{230709DB-BA42-4751-9ECE-0A119B1F8CC9}.Release|Any CPU.Build.0 = Release|Any CPU
		{230709DB-BA42-4751-9ECE-0A119B1F8CC9}.Release|x64.ActiveCfg = Release|Any CPU
		{230709DB-BA42-4751-9ECE-0A119B1F8CC9}.Release|x64.Build.0 = Release|Any CPU
		{230709DB-BA42-4751-9ECE-0A119B1F8CC9}.Release|x86.ActiveCfg = Release|Any CPU
		{230709DB-BA42-4751-9ECE-0A119B1F8CC9}.Release|x86.Build.0 = Release|Any CPU
		{E31893FA-60CD-40B9-931D-26B305088011}.Debug|Any CPU.ActiveCfg = Debug|Any CPU
		{E31893FA-60CD-40B9-931D-26B305088011}.Debug|Any CPU.Build.0 = Debug|Any CPU
		{E31893FA-60CD-40B9-931D-26B305088011}.Debug|x64.ActiveCfg = Debug|Any CPU
		{E31893FA-60CD-40B9-931D-26B305088011}.Debug|x64.Build.0 = Debug|Any CPU
		{E31893FA-60CD-40B9-931D-26B305088011}.Debug|x86.ActiveCfg = Debug|Any CPU
		{E31893FA-60CD-40B9-931D-26B305088011}.Debug|x86.Build.0 = Debug|Any CPU
		{E31893FA-60CD-40B9-931D-26B305088011}.Release|Any CPU.ActiveCfg = Release|Any CPU
		{E31893FA-60CD-40B9-931D-26B305088011}.Release|Any CPU.Build.0 = Release|Any CPU
		{E31893FA-60CD-40B9-931D-26B305088011}.Release|x64.ActiveCfg = Release|Any CPU
		{E31893FA-60CD-40B9-931D-26B305088011}.Release|x64.Build.0 = Release|Any CPU
		{E31893FA-60CD-40B9-931D-26B305088011}.Release|x86.ActiveCfg = Release|Any CPU
		{E31893FA-60CD-40B9-931D-26B305088011}.Release|x86.Build.0 = Release|Any CPU
		{03D93D14-A10A-4C96-96F6-8F39BA0FB486}.Debug|Any CPU.ActiveCfg = Debug|Any CPU
		{03D93D14-A10A-4C96-96F6-8F39BA0FB486}.Debug|Any CPU.Build.0 = Debug|Any CPU
		{03D93D14-A10A-4C96-96F6-8F39BA0FB486}.Debug|x64.ActiveCfg = Debug|Any CPU
		{03D93D14-A10A-4C96-96F6-8F39BA0FB486}.Debug|x64.Build.0 = Debug|Any CPU
		{03D93D14-A10A-4C96-96F6-8F39BA0FB486}.Debug|x86.ActiveCfg = Debug|Any CPU
		{03D93D14-A10A-4C96-96F6-8F39BA0FB486}.Debug|x86.Build.0 = Debug|Any CPU
		{03D93D14-A10A-4C96-96F6-8F39BA0FB486}.Release|Any CPU.ActiveCfg = Release|Any CPU
		{03D93D14-A10A-4C96-96F6-8F39BA0FB486}.Release|Any CPU.Build.0 = Release|Any CPU
		{03D93D14-A10A-4C96-96F6-8F39BA0FB486}.Release|x64.ActiveCfg = Release|Any CPU
		{03D93D14-A10A-4C96-96F6-8F39BA0FB486}.Release|x64.Build.0 = Release|Any CPU
		{03D93D14-A10A-4C96-96F6-8F39BA0FB486}.Release|x86.ActiveCfg = Release|Any CPU
		{03D93D14-A10A-4C96-96F6-8F39BA0FB486}.Release|x86.Build.0 = Release|Any CPU
		{D57FE3E2-2417-41B5-9B63-EC88A5104D08}.Debug|Any CPU.ActiveCfg = Debug|Any CPU
		{D57FE3E2-2417-41B5-9B63-EC88A5104D08}.Debug|Any CPU.Build.0 = Debug|Any CPU
		{D57FE3E2-2417-41B5-9B63-EC88A5104D08}.Debug|x64.ActiveCfg = Debug|Any CPU
		{D57FE3E2-2417-41B5-9B63-EC88A5104D08}.Debug|x64.Build.0 = Debug|Any CPU
		{D57FE3E2-2417-41B5-9B63-EC88A5104D08}.Debug|x86.ActiveCfg = Debug|Any CPU
		{D57FE3E2-2417-41B5-9B63-EC88A5104D08}.Debug|x86.Build.0 = Debug|Any CPU
		{D57FE3E2-2417-41B5-9B63-EC88A5104D08}.Release|Any CPU.ActiveCfg = Release|Any CPU
		{D57FE3E2-2417-41B5-9B63-EC88A5104D08}.Release|Any CPU.Build.0 = Release|Any CPU
		{D57FE3E2-2417-41B5-9B63-EC88A5104D08}.Release|x64.ActiveCfg = Release|Any CPU
		{D57FE3E2-2417-41B5-9B63-EC88A5104D08}.Release|x64.Build.0 = Release|Any CPU
		{D57FE3E2-2417-41B5-9B63-EC88A5104D08}.Release|x86.ActiveCfg = Release|Any CPU
		{D57FE3E2-2417-41B5-9B63-EC88A5104D08}.Release|x86.Build.0 = Release|Any CPU
	EndGlobalSection
EndGlobal
